
Microsoft Visual Studio Solution File, Format Version 12.00
# Visual Studio Version 17
VisualStudioVersion = 17.3.32929.385
MinimumVisualStudioVersion = 10.0.40219.1
Project("{9A19103F-16F7-4668-BE54-9A1E7A4F7556}") = "SourceGeneration", "SourceGeneration\SourceGeneration.csproj", "{4EB60D69-FC17-43E5-ABA1-80C1486393C0}"
EndProject
Project("{9A19103F-16F7-4668-BE54-9A1E7A4F7556}") = "ConversionApp", "ConversionApp\ConversionApp.csproj", "{7DF0EA43-C5ED-4445-B1E0-0FB73C5F6287}"
EndProject
Global
	GlobalSection(SolutionConfigurationPlatforms) = preSolution
		Debug|Any CPU = Debug|Any CPU
		Release|Any CPU = Release|Any CPU
	EndGlobalSection
	GlobalSection(ProjectConfigurationPlatforms) = postSolution
		{4EB60D69-FC17-43E5-ABA1-80C1486393C0}.Debug|Any CPU.ActiveCfg = Debug|Any CPU
		{4EB60D69-FC17-43E5-ABA1-80C1486393C0}.Debug|Any CPU.Build.0 = Debug|Any CPU
		{4EB60D69-FC17-43E5-ABA1-80C1486393C0}.Release|Any CPU.ActiveCfg = Release|Any CPU
		{4EB60D69-FC17-43E5-ABA1-80C1486393C0}.Release|Any CPU.Build.0 = Release|Any CPU
		{7DF0EA43-C5ED-4445-B1E0-0FB73C5F6287}.Debug|Any CPU.ActiveCfg = Debug|Any CPU
		{7DF0EA43-C5ED-4445-B1E0-0FB73C5F6287}.Debug|Any CPU.Build.0 = Debug|Any CPU
		{7DF0EA43-C5ED-4445-B1E0-0FB73C5F6287}.Release|Any CPU.ActiveCfg = Release|Any CPU
		{7DF0EA43-C5ED-4445-B1E0-0FB73C5F6287}.Release|Any CPU.Build.0 = Release|Any CPU
	EndGlobalSection
	GlobalSection(SolutionProperties) = preSolution
		HideSolutionNode = FALSE
	EndGlobalSection
	GlobalSection(ExtensibilityGlobals) = postSolution
		SolutionGuid = {B47A108B-7CBF-4950-ADFC-2DE6699092DD}
	EndGlobalSection
EndGlobal
